<?xml version="1.0" encoding="UTF-8" standalone="yes" ?>
<CodeBlocks_project_file>
	<FileVersion major="1" minor="6" />
	<Project>
		<Option title="DSAProject" />
		<Option pch_mode="2" />
		<Option compiler="gcc" />
		<Build>
			<Target title="Debug">
				<Option output="bin/Debug/DSAProject" prefix_auto="1" extension_auto="1" />
				<Option object_output="obj/Debug/" />
				<Option type="1" />
				<Option compiler="gcc" />
				<Compiler>
					<Add option="-g" />
				</Compiler>
			</Target>
			<Target title="Release">
				<Option output="bin/Release/DSAProject" prefix_auto="1" extension_auto="1" />
				<Option object_output="obj/Release/" />
				<Option type="1" />
				<Option compiler="gcc" />
				<Compiler>
					<Add option="-O2" />
				</Compiler>
				<Linker>
					<Add option="-s" />
				</Linker>
			</Target>
		</Build>
		<Compiler>
			<Add option="-Wall" />
			<Add option="-fexceptions" />
		</Compiler>
		<Unit filename="functions/AccountCreation.cpp" />
		<Unit filename="functions/Classes.cpp" />
		<Unit filename="functions/FileHandling.cpp" />
		<Unit filename="functions/Menus.cpp" />
		<Unit filename="functions/System.cpp" />
		<Unit filename="functions/functions.cpp" />
		<Unit filename="headers/AccountCreation.h" />
		<Unit filename="headers/Classes.h" />
		<Unit filename="headers/FileHandling.h" />
		<Unit filename="headers/Menus.h" />
		<Unit filename="headers/System.h" />
		<Unit filename="headers/common.h" />
		<Unit filename="headers/headers.h" />
		<Unit filename="main.cpp" />
		<Extensions>
			<lib_finder disable_auto="1" />
		</Extensions>
	</Project>
</CodeBlocks_project_file>
